// !$*UTF8*$!
{
	archiveVersion = 1;
	classes = {
	};
	objectVersion = 56;
	objects = {

/* Begin PBXBuildFile section */
		D722040029F9EEA50069F4ED /* URLProtocolMock.swift in Sources */ = {isa = PBXBuildFile; fileRef = D72203FF29F9EEA50069F4ED /* URLProtocolMock.swift */; };
		D7381ECC29ED738200B2A2A5 /* TemporaryEmailService.docc in Sources */ = {isa = PBXBuildFile; fileRef = D7381ECB29ED738200B2A2A5 /* TemporaryEmailService.docc */; };
		D7381ED229ED738300B2A2A5 /* TemporaryEmailService.framework in Frameworks */ = {isa = PBXBuildFile; fileRef = D7381EC729ED738200B2A2A5 /* TemporaryEmailService.framework */; };
		D7381ED729ED738300B2A2A5 /* TemporaryEmailServiceTests.swift in Sources */ = {isa = PBXBuildFile; fileRef = D7381ED629ED738300B2A2A5 /* TemporaryEmailServiceTests.swift */; };
		D7381ED829ED738300B2A2A5 /* TemporaryEmailService.h in Headers */ = {isa = PBXBuildFile; fileRef = D7381ECA29ED738200B2A2A5 /* TemporaryEmailService.h */; settings = {ATTRIBUTES = (Public, ); }; };
		D7381EE329ED73B300B2A2A5 /* APIService.swift in Sources */ = {isa = PBXBuildFile; fileRef = D7381EE229ED73B300B2A2A5 /* APIService.swift */; };
		D7381EE629ED76C400B2A2A5 /* APIServiceTests.swift in Sources */ = {isa = PBXBuildFile; fileRef = D7381EE529ED76C400B2A2A5 /* APIServiceTests.swift */; };
		D7381EE929F030E600B2A2A5 /* XCTestCase+MemoryLeakTracking.swift in Sources */ = {isa = PBXBuildFile; fileRef = D7381EE829F030E600B2A2A5 /* XCTestCase+MemoryLeakTracking.swift */; };
		D77D12212A38B28E008EE6CF /* ModelsMockURLProtocol.swift in Sources */ = {isa = PBXBuildFile; fileRef = D77D12202A38B28E008EE6CF /* ModelsMockURLProtocol.swift */; };
		D7B8609D2A156AB600DA3FD9 /* AuthenticationService.swift in Sources */ = {isa = PBXBuildFile; fileRef = D7B8609C2A156AB600DA3FD9 /* AuthenticationService.swift */; };
		D7B860A02A156B4600DA3FD9 /* PayloadType.swift in Sources */ = {isa = PBXBuildFile; fileRef = D7B8609F2A156B4600DA3FD9 /* PayloadType.swift */; };
		D7B860A32A156F1400DA3FD9 /* AuthenticationServiceTests.swift in Sources */ = {isa = PBXBuildFile; fileRef = D7B860A22A156F1400DA3FD9 /* AuthenticationServiceTests.swift */; };
		D7D9F9D32A4A79E400529C19 /* EmailAccount.swift in Sources */ = {isa = PBXBuildFile; fileRef = D7D9F9D22A4A79E400529C19 /* EmailAccount.swift */; };
		D7D9F9D52A4A7A0D00529C19 /* Autentication.swift in Sources */ = {isa = PBXBuildFile; fileRef = D7D9F9D42A4A7A0D00529C19 /* Autentication.swift */; };
		D7D9F9D72A4A7A2200529C19 /* AccountCreation.swift in Sources */ = {isa = PBXBuildFile; fileRef = D7D9F9D62A4A7A2200529C19 /* AccountCreation.swift */; };
/* End PBXBuildFile section */

/* Begin PBXContainerItemProxy section */
		D7381ED329ED738300B2A2A5 /* PBXContainerItemProxy */ = {
			isa = PBXContainerItemProxy;
			containerPortal = D7381EBE29ED738200B2A2A5 /* Project object */;
			proxyType = 1;
			remoteGlobalIDString = D7381EC629ED738200B2A2A5;
			remoteInfo = TemporaryEmailService;
		};
/* End PBXContainerItemProxy section */

/* Begin PBXFileReference section */
		D72203FF29F9EEA50069F4ED /* URLProtocolMock.swift */ = {isa = PBXFileReference; lastKnownFileType = sourcecode.swift; path = URLProtocolMock.swift; sourceTree = "<group>"; };
		D7381EC729ED738200B2A2A5 /* TemporaryEmailService.framework */ = {isa = PBXFileReference; explicitFileType = wrapper.framework; includeInIndex = 0; path = TemporaryEmailService.framework; sourceTree = BUILT_PRODUCTS_DIR; };
		D7381ECA29ED738200B2A2A5 /* TemporaryEmailService.h */ = {isa = PBXFileReference; lastKnownFileType = sourcecode.c.h; path = TemporaryEmailService.h; sourceTree = "<group>"; };
		D7381ECB29ED738200B2A2A5 /* TemporaryEmailService.docc */ = {isa = PBXFileReference; lastKnownFileType = folder.documentationcatalog; path = TemporaryEmailService.docc; sourceTree = "<group>"; };
		D7381ED129ED738300B2A2A5 /* TemporaryEmailServiceTests.xctest */ = {isa = PBXFileReference; explicitFileType = wrapper.cfbundle; includeInIndex = 0; path = TemporaryEmailServiceTests.xctest; sourceTree = BUILT_PRODUCTS_DIR; };
		D7381ED629ED738300B2A2A5 /* TemporaryEmailServiceTests.swift */ = {isa = PBXFileReference; lastKnownFileType = sourcecode.swift; path = TemporaryEmailServiceTests.swift; sourceTree = "<group>"; };
		D7381EE229ED73B300B2A2A5 /* APIService.swift */ = {isa = PBXFileReference; lastKnownFileType = sourcecode.swift; path = APIService.swift; sourceTree = "<group>"; };
		D7381EE529ED76C400B2A2A5 /* APIServiceTests.swift */ = {isa = PBXFileReference; lastKnownFileType = sourcecode.swift; path = APIServiceTests.swift; sourceTree = "<group>"; };
		D7381EE829F030E600B2A2A5 /* XCTestCase+MemoryLeakTracking.swift */ = {isa = PBXFileReference; lastKnownFileType = sourcecode.swift; path = "XCTestCase+MemoryLeakTracking.swift"; sourceTree = "<group>"; };
		D77D12202A38B28E008EE6CF /* ModelsMockURLProtocol.swift */ = {isa = PBXFileReference; lastKnownFileType = sourcecode.swift; path = ModelsMockURLProtocol.swift; sourceTree = "<group>"; };
		D7B8609C2A156AB600DA3FD9 /* AuthenticationService.swift */ = {isa = PBXFileReference; lastKnownFileType = sourcecode.swift; path = AuthenticationService.swift; sourceTree = "<group>"; };
		D7B8609F2A156B4600DA3FD9 /* PayloadType.swift */ = {isa = PBXFileReference; lastKnownFileType = sourcecode.swift; path = PayloadType.swift; sourceTree = "<group>"; };
		D7B860A22A156F1400DA3FD9 /* AuthenticationServiceTests.swift */ = {isa = PBXFileReference; lastKnownFileType = sourcecode.swift; path = AuthenticationServiceTests.swift; sourceTree = "<group>"; };
		D7D9F9D22A4A79E400529C19 /* EmailAccount.swift */ = {isa = PBXFileReference; lastKnownFileType = sourcecode.swift; path = EmailAccount.swift; sourceTree = "<group>"; };
		D7D9F9D42A4A7A0D00529C19 /* Autentication.swift */ = {isa = PBXFileReference; lastKnownFileType = sourcecode.swift; path = Autentication.swift; sourceTree = "<group>"; };
		D7D9F9D62A4A7A2200529C19 /* AccountCreation.swift */ = {isa = PBXFileReference; lastKnownFileType = sourcecode.swift; path = AccountCreation.swift; sourceTree = "<group>"; };
/* End PBXFileReference section */

/* Begin PBXFrameworksBuildPhase section */
		D7381EC429ED738200B2A2A5 /* Frameworks */ = {
			isa = PBXFrameworksBuildPhase;
			buildActionMask = 2147483647;
			files = (
			);
			runOnlyForDeploymentPostprocessing = 0;
		};
		D7381ECE29ED738300B2A2A5 /* Frameworks */ = {
			isa = PBXFrameworksBuildPhase;
			buildActionMask = 2147483647;
			files = (
				D7381ED229ED738300B2A2A5 /* TemporaryEmailService.framework in Frameworks */,
			);
			runOnlyForDeploymentPostprocessing = 0;
		};
/* End PBXFrameworksBuildPhase section */

/* Begin PBXGroup section */
		D7381EBD29ED738200B2A2A5 = {
			isa = PBXGroup;
			children = (
				D7381EC929ED738200B2A2A5 /* TemporaryEmailService */,
				D7381ED529ED738300B2A2A5 /* TemporaryEmailServiceTests */,
				D7381EC829ED738200B2A2A5 /* Products */,
			);
			sourceTree = "<group>";
		};
		D7381EC829ED738200B2A2A5 /* Products */ = {
			isa = PBXGroup;
			children = (
				D7381EC729ED738200B2A2A5 /* TemporaryEmailService.framework */,
				D7381ED129ED738300B2A2A5 /* TemporaryEmailServiceTests.xctest */,
			);
			name = Products;
			sourceTree = "<group>";
		};
		D7381EC929ED738200B2A2A5 /* TemporaryEmailService */ = {
			isa = PBXGroup;
			children = (
				D7B8609E2A156B3100DA3FD9 /* Helpers */,
				D7B8609B2A156AA000DA3FD9 /* Authentication */,
				D7381EE129ED73A100B2A2A5 /* APIService */,
				D7381ECA29ED738200B2A2A5 /* TemporaryEmailService.h */,
				D7381ECB29ED738200B2A2A5 /* TemporaryEmailService.docc */,
			);
			path = TemporaryEmailService;
			sourceTree = "<group>";
		};
		D7381ED529ED738300B2A2A5 /* TemporaryEmailServiceTests */ = {
			isa = PBXGroup;
			children = (
				D7B860A12A156EBF00DA3FD9 /* AuthenticationService */,
				D7381EE729F030D600B2A2A5 /* Helpers */,
				D7381EE429ED76B300B2A2A5 /* APIService */,
				D7381ED629ED738300B2A2A5 /* TemporaryEmailServiceTests.swift */,
			);
			path = TemporaryEmailServiceTests;
			sourceTree = "<group>";
		};
		D7381EE129ED73A100B2A2A5 /* APIService */ = {
			isa = PBXGroup;
			children = (
				D7381EE229ED73B300B2A2A5 /* APIService.swift */,
			);
			path = APIService;
			sourceTree = "<group>";
		};
		D7381EE429ED76B300B2A2A5 /* APIService */ = {
			isa = PBXGroup;
			children = (
				D7381EE529ED76C400B2A2A5 /* APIServiceTests.swift */,
			);
			path = APIService;
			sourceTree = "<group>";
		};
		D7381EE729F030D600B2A2A5 /* Helpers */ = {
			isa = PBXGroup;
			children = (
				D7381EE829F030E600B2A2A5 /* XCTestCase+MemoryLeakTracking.swift */,
				D72203FF29F9EEA50069F4ED /* URLProtocolMock.swift */,
				D77D12202A38B28E008EE6CF /* ModelsMockURLProtocol.swift */,
			);
			path = Helpers;
			sourceTree = "<group>";
		};
		D77D121F2A38A40A008EE6CF /* Models */ = {
			isa = PBXGroup;
			children = (
				D7D9F9D22A4A79E400529C19 /* EmailAccount.swift */,
				D7D9F9D42A4A7A0D00529C19 /* Autentication.swift */,
				D7D9F9D62A4A7A2200529C19 /* AccountCreation.swift */,
			);
			path = Models;
			sourceTree = "<group>";
		};
		D7B8609B2A156AA000DA3FD9 /* Authentication */ = {
			isa = PBXGroup;
			children = (
				D77D121F2A38A40A008EE6CF /* Models */,
				D7B8609C2A156AB600DA3FD9 /* AuthenticationService.swift */,
			);
			path = Authentication;
			sourceTree = "<group>";
		};
		D7B8609E2A156B3100DA3FD9 /* Helpers */ = {
			isa = PBXGroup;
			children = (
				D7B8609F2A156B4600DA3FD9 /* PayloadType.swift */,
			);
			path = Helpers;
			sourceTree = "<group>";
		};
		D7B860A12A156EBF00DA3FD9 /* AuthenticationService */ = {
			isa = PBXGroup;
			children = (
				D7B860A22A156F1400DA3FD9 /* AuthenticationServiceTests.swift */,
			);
			path = AuthenticationService;
			sourceTree = "<group>";
		};
/* End PBXGroup section */

/* Begin PBXHeadersBuildPhase section */
		D7381EC229ED738200B2A2A5 /* Headers */ = {
			isa = PBXHeadersBuildPhase;
			buildActionMask = 2147483647;
			files = (
				D7381ED829ED738300B2A2A5 /* TemporaryEmailService.h in Headers */,
			);
			runOnlyForDeploymentPostprocessing = 0;
		};
/* End PBXHeadersBuildPhase section */

/* Begin PBXNativeTarget section */
		D7381EC629ED738200B2A2A5 /* TemporaryEmailService */ = {
			isa = PBXNativeTarget;
			buildConfigurationList = D7381EDB29ED738300B2A2A5 /* Build configuration list for PBXNativeTarget "TemporaryEmailService" */;
			buildPhases = (
				D7381EC229ED738200B2A2A5 /* Headers */,
				D7381EC329ED738200B2A2A5 /* Sources */,
				D7381EC429ED738200B2A2A5 /* Frameworks */,
				D7381EC529ED738200B2A2A5 /* Resources */,
			);
			buildRules = (
			);
			dependencies = (
			);
			name = TemporaryEmailService;
			productName = TemporaryEmailService;
			productReference = D7381EC729ED738200B2A2A5 /* TemporaryEmailService.framework */;
			productType = "com.apple.product-type.framework";
		};
		D7381ED029ED738300B2A2A5 /* TemporaryEmailServiceTests */ = {
			isa = PBXNativeTarget;
			buildConfigurationList = D7381EDE29ED738300B2A2A5 /* Build configuration list for PBXNativeTarget "TemporaryEmailServiceTests" */;
			buildPhases = (
				D7381ECD29ED738300B2A2A5 /* Sources */,
				D7381ECE29ED738300B2A2A5 /* Frameworks */,
				D7381ECF29ED738300B2A2A5 /* Resources */,
			);
			buildRules = (
			);
			dependencies = (
				D7381ED429ED738300B2A2A5 /* PBXTargetDependency */,
			);
			name = TemporaryEmailServiceTests;
			productName = TemporaryEmailServiceTests;
			productReference = D7381ED129ED738300B2A2A5 /* TemporaryEmailServiceTests.xctest */;
			productType = "com.apple.product-type.bundle.unit-test";
		};
/* End PBXNativeTarget section */

/* Begin PBXProject section */
		D7381EBE29ED738200B2A2A5 /* Project object */ = {
			isa = PBXProject;
			attributes = {
				BuildIndependentTargetsInParallel = 1;
				LastSwiftUpdateCheck = 1430;
				LastUpgradeCheck = 1430;
				TargetAttributes = {
					D7381EC629ED738200B2A2A5 = {
						CreatedOnToolsVersion = 14.3;
					};
					D7381ED029ED738300B2A2A5 = {
						CreatedOnToolsVersion = 14.3;
					};
				};
			};
			buildConfigurationList = D7381EC129ED738200B2A2A5 /* Build configuration list for PBXProject "TemporaryEmailService" */;
			compatibilityVersion = "Xcode 14.0";
			developmentRegion = en;
			hasScannedForEncodings = 0;
			knownRegions = (
				en,
				Base,
			);
			mainGroup = D7381EBD29ED738200B2A2A5;
			productRefGroup = D7381EC829ED738200B2A2A5 /* Products */;
			projectDirPath = "";
			projectRoot = "";
			targets = (
				D7381EC629ED738200B2A2A5 /* TemporaryEmailService */,
				D7381ED029ED738300B2A2A5 /* TemporaryEmailServiceTests */,
			);
		};
/* End PBXProject section */

/* Begin PBXResourcesBuildPhase section */
		D7381EC529ED738200B2A2A5 /* Resources */ = {
			isa = PBXResourcesBuildPhase;
			buildActionMask = 2147483647;
			files = (
			);
			runOnlyForDeploymentPostprocessing = 0;
		};
		D7381ECF29ED738300B2A2A5 /* Resources */ = {
			isa = PBXResourcesBuildPhase;
			buildActionMask = 2147483647;
			files = (
			);
			runOnlyForDeploymentPostprocessing = 0;
		};
/* End PBXResourcesBuildPhase section */

/* Begin PBXSourcesBuildPhase section */
		D7381EC329ED738200B2A2A5 /* Sources */ = {
			isa = PBXSourcesBuildPhase;
			buildActionMask = 2147483647;
			files = (
				D7B860A02A156B4600DA3FD9 /* PayloadType.swift in Sources */,
				D7B8609D2A156AB600DA3FD9 /* AuthenticationService.swift in Sources */,
				D7D9F9D52A4A7A0D00529C19 /* Autentication.swift in Sources */,
				D7381EE329ED73B300B2A2A5 /* APIService.swift in Sources */,
				D7D9F9D72A4A7A2200529C19 /* AccountCreation.swift in Sources */,
				D7381ECC29ED738200B2A2A5 /* TemporaryEmailService.docc in Sources */,
				D7D9F9D32A4A79E400529C19 /* EmailAccount.swift in Sources */,
			);
			runOnlyForDeploymentPostprocessing = 0;
		};
		D7381ECD29ED738300B2A2A5 /* Sources */ = {
			isa = PBXSourcesBuildPhase;
			buildActionMask = 2147483647;
			files = (
				D7381EE629ED76C400B2A2A5 /* APIServiceTests.swift in Sources */,
				D77D12212A38B28E008EE6CF /* ModelsMockURLProtocol.swift in Sources */,
				D7381ED729ED738300B2A2A5 /* TemporaryEmailServiceTests.swift in Sources */,
				D7381EE929F030E600B2A2A5 /* XCTestCase+MemoryLeakTracking.swift in Sources */,
				D7B860A32A156F1400DA3FD9 /* AuthenticationServiceTests.swift in Sources */,
				D722040029F9EEA50069F4ED /* URLProtocolMock.swift in Sources */,
			);
			runOnlyForDeploymentPostprocessing = 0;
		};
/* End PBXSourcesBuildPhase section */

/* Begin PBXTargetDependency section */
		D7381ED429ED738300B2A2A5 /* PBXTargetDependency */ = {
			isa = PBXTargetDependency;
			target = D7381EC629ED738200B2A2A5 /* TemporaryEmailService */;
			targetProxy = D7381ED329ED738300B2A2A5 /* PBXContainerItemProxy */;
		};
/* End PBXTargetDependency section */

/* Begin XCBuildConfiguration section */
		D7381ED929ED738300B2A2A5 /* Debug */ = {
			isa = XCBuildConfiguration;
			buildSettings = {
				ALWAYS_SEARCH_USER_PATHS = NO;
				CLANG_ANALYZER_NONNULL = YES;
				CLANG_ANALYZER_NUMBER_OBJECT_CONVERSION = YES_AGGRESSIVE;
				CLANG_CXX_LANGUAGE_STANDARD = "gnu++20";
				CLANG_ENABLE_MODULES = YES;
				CLANG_ENABLE_OBJC_ARC = YES;
				CLANG_ENABLE_OBJC_WEAK = YES;
				CLANG_WARN_BLOCK_CAPTURE_AUTORELEASING = YES;
				CLANG_WARN_BOOL_CONVERSION = YES;
				CLANG_WARN_COMMA = YES;
				CLANG_WARN_CONSTANT_CONVERSION = YES;
				CLANG_WARN_DEPRECATED_OBJC_IMPLEMENTATIONS = YES;
				CLANG_WARN_DIRECT_OBJC_ISA_USAGE = YES_ERROR;
				CLANG_WARN_DOCUMENTATION_COMMENTS = YES;
				CLANG_WARN_EMPTY_BODY = YES;
				CLANG_WARN_ENUM_CONVERSION = YES;
				CLANG_WARN_INFINITE_RECURSION = YES;
				CLANG_WARN_INT_CONVERSION = YES;
				CLANG_WARN_NON_LITERAL_NULL_CONVERSION = YES;
				CLANG_WARN_OBJC_IMPLICIT_RETAIN_SELF = YES;
				CLANG_WARN_OBJC_LITERAL_CONVERSION = YES;
				CLANG_WARN_OBJC_ROOT_CLASS = YES_ERROR;
				CLANG_WARN_QUOTED_INCLUDE_IN_FRAMEWORK_HEADER = YES;
				CLANG_WARN_RANGE_LOOP_ANALYSIS = YES;
				CLANG_WARN_STRICT_PROTOTYPES = YES;
				CLANG_WARN_SUSPICIOUS_MOVE = YES;
				CLANG_WARN_UNGUARDED_AVAILABILITY = YES_AGGRESSIVE;
				CLANG_WARN_UNREACHABLE_CODE = YES;
				CLANG_WARN__DUPLICATE_METHOD_MATCH = YES;
				COPY_PHASE_STRIP = NO;
				CURRENT_PROJECT_VERSION = 1;
				DEBUG_INFORMATION_FORMAT = dwarf;
				ENABLE_STRICT_OBJC_MSGSEND = YES;
				ENABLE_TESTABILITY = YES;
				GCC_C_LANGUAGE_STANDARD = gnu11;
				GCC_DYNAMIC_NO_PIC = NO;
				GCC_NO_COMMON_BLOCKS = YES;
				GCC_OPTIMIZATION_LEVEL = 0;
				GCC_PREPROCESSOR_DEFINITIONS = (
					"DEBUG=1",
					"$(inherited)",
				);
				GCC_WARN_64_TO_32_BIT_CONVERSION = YES;
				GCC_WARN_ABOUT_RETURN_TYPE = YES_ERROR;
				GCC_WARN_UNDECLARED_SELECTOR = YES;
				GCC_WARN_UNINITIALIZED_AUTOS = YES_AGGRESSIVE;
				GCC_WARN_UNUSED_FUNCTION = YES;
				GCC_WARN_UNUSED_VARIABLE = YES;
				IPHONEOS_DEPLOYMENT_TARGET = 16.4;
				MTL_ENABLE_DEBUG_INFO = INCLUDE_SOURCE;
				MTL_FAST_MATH = YES;
				ONLY_ACTIVE_ARCH = YES;
				SDKROOT = iphoneos;
				SWIFT_ACTIVE_COMPILATION_CONDITIONS = DEBUG;
				SWIFT_OPTIMIZATION_LEVEL = "-Onone";
				VERSIONING_SYSTEM = "apple-generic";
				VERSION_INFO_PREFIX = "";
			};
			name = Debug;
		};
		D7381EDA29ED738300B2A2A5 /* Release */ = {
			isa = XCBuildConfiguration;
			buildSettings = {
				ALWAYS_SEARCH_USER_PATHS = NO;
				CLANG_ANALYZER_NONNULL = YES;
				CLANG_ANALYZER_NUMBER_OBJECT_CONVERSION = YES_AGGRESSIVE;
				CLANG_CXX_LANGUAGE_STANDARD = "gnu++20";
				CLANG_ENABLE_MODULES = YES;
				CLANG_ENABLE_OBJC_ARC = YES;
				CLANG_ENABLE_OBJC_WEAK = YES;
				CLANG_WARN_BLOCK_CAPTURE_AUTORELEASING = YES;
				CLANG_WARN_BOOL_CONVERSION = YES;
				CLANG_WARN_COMMA = YES;
				CLANG_WARN_CONSTANT_CONVERSION = YES;
				CLANG_WARN_DEPRECATED_OBJC_IMPLEMENTATIONS = YES;
				CLANG_WARN_DIRECT_OBJC_ISA_USAGE = YES_ERROR;
				CLANG_WARN_DOCUMENTATION_COMMENTS = YES;
				CLANG_WARN_EMPTY_BODY = YES;
				CLANG_WARN_ENUM_CONVERSION = YES;
				CLANG_WARN_INFINITE_RECURSION = YES;
				CLANG_WARN_INT_CONVERSION = YES;
				CLANG_WARN_NON_LITERAL_NULL_CONVERSION = YES;
				CLANG_WARN_OBJC_IMPLICIT_RETAIN_SELF = YES;
				CLANG_WARN_OBJC_LITERAL_CONVERSION = YES;
				CLANG_WARN_OBJC_ROOT_CLASS = YES_ERROR;
				CLANG_WARN_QUOTED_INCLUDE_IN_FRAMEWORK_HEADER = YES;
				CLANG_WARN_RANGE_LOOP_ANALYSIS = YES;
				CLANG_WARN_STRICT_PROTOTYPES = YES;
				CLANG_WARN_SUSPICIOUS_MOVE = YES;
				CLANG_WARN_UNGUARDED_AVAILABILITY = YES_AGGRESSIVE;
				CLANG_WARN_UNREACHABLE_CODE = YES;
				CLANG_WARN__DUPLICATE_METHOD_MATCH = YES;
				COPY_PHASE_STRIP = NO;
				CURRENT_PROJECT_VERSION = 1;
				DEBUG_INFORMATION_FORMAT = "dwarf-with-dsym";
				ENABLE_NS_ASSERTIONS = NO;
				ENABLE_STRICT_OBJC_MSGSEND = YES;
				GCC_C_LANGUAGE_STANDARD = gnu11;
				GCC_NO_COMMON_BLOCKS = YES;
				GCC_WARN_64_TO_32_BIT_CONVERSION = YES;
				GCC_WARN_ABOUT_RETURN_TYPE = YES_ERROR;
				GCC_WARN_UNDECLARED_SELECTOR = YES;
				GCC_WARN_UNINITIALIZED_AUTOS = YES_AGGRESSIVE;
				GCC_WARN_UNUSED_FUNCTION = YES;
				GCC_WARN_UNUSED_VARIABLE = YES;
				IPHONEOS_DEPLOYMENT_TARGET = 16.4;
				MTL_ENABLE_DEBUG_INFO = NO;
				MTL_FAST_MATH = YES;
				SDKROOT = iphoneos;
				SWIFT_COMPILATION_MODE = wholemodule;
				SWIFT_OPTIMIZATION_LEVEL = "-O";
				VALIDATE_PRODUCT = YES;
				VERSIONING_SYSTEM = "apple-generic";
				VERSION_INFO_PREFIX = "";
			};
			name = Release;
		};
		D7381EDC29ED738300B2A2A5 /* Debug */ = {
			isa = XCBuildConfiguration;
			buildSettings = {
				CODE_SIGN_STYLE = Automatic;
				CURRENT_PROJECT_VERSION = 1;
				DEFINES_MODULE = YES;
				DEVELOPMENT_TEAM = 3DAQ868NGN;
				DYLIB_COMPATIBILITY_VERSION = 1;
				DYLIB_CURRENT_VERSION = 1;
				DYLIB_INSTALL_NAME_BASE = "@rpath";
				ENABLE_MODULE_VERIFIER = YES;
				GENERATE_INFOPLIST_FILE = YES;
				INFOPLIST_KEY_NSHumanReadableCopyright = "";
				INSTALL_PATH = "$(LOCAL_LIBRARY_DIR)/Frameworks";
				LD_RUNPATH_SEARCH_PATHS = (
					"$(inherited)",
					"@executable_path/Frameworks",
					"@loader_path/Frameworks",
				);
				MARKETING_VERSION = 1.0;
				MODULE_VERIFIER_SUPPORTED_LANGUAGES = "objective-c objective-c++";
				MODULE_VERIFIER_SUPPORTED_LANGUAGE_STANDARDS = "gnu11 gnu++20";
				PRODUCT_BUNDLE_IDENTIFIER = dev.arbigaus.TemporaryEmailService;
				PRODUCT_NAME = "$(TARGET_NAME:c99extidentifier)";
				SKIP_INSTALL = YES;
				SWIFT_EMIT_LOC_STRINGS = YES;
				SWIFT_VERSION = 5.0;
				TARGETED_DEVICE_FAMILY = "1,2";
			};
			name = Debug;
		};
		D7381EDD29ED738300B2A2A5 /* Release */ = {
			isa = XCBuildConfiguration;
			buildSettings = {
				CODE_SIGN_STYLE = Automatic;
				CURRENT_PROJECT_VERSION = 1;
				DEFINES_MODULE = YES;
				DEVELOPMENT_TEAM = 3DAQ868NGN;
				DYLIB_COMPATIBILITY_VERSION = 1;
				DYLIB_CURRENT_VERSION = 1;
				DYLIB_INSTALL_NAME_BASE = "@rpath";
				ENABLE_MODULE_VERIFIER = YES;
				GENERATE_INFOPLIST_FILE = YES;
				INFOPLIST_KEY_NSHumanReadableCopyright = "";
				INSTALL_PATH = "$(LOCAL_LIBRARY_DIR)/Frameworks";
				LD_RUNPATH_SEARCH_PATHS = (
					"$(inherited)",
					"@executable_path/Frameworks",
					"@loader_path/Frameworks",
				);
				MARKETING_VERSION = 1.0;
				MODULE_VERIFIER_SUPPORTED_LANGUAGES = "objective-c objective-c++";
				MODULE_VERIFIER_SUPPORTED_LANGUAGE_STANDARDS = "gnu11 gnu++20";
				PRODUCT_BUNDLE_IDENTIFIER = dev.arbigaus.TemporaryEmailService;
				PRODUCT_NAME = "$(TARGET_NAME:c99extidentifier)";
				SKIP_INSTALL = YES;
				SWIFT_EMIT_LOC_STRINGS = YES;
				SWIFT_VERSION = 5.0;
				TARGETED_DEVICE_FAMILY = "1,2";
			};
			name = Release;
		};
		D7381EDF29ED738300B2A2A5 /* Debug */ = {
			isa = XCBuildConfiguration;
			buildSettings = {
				ALWAYS_EMBED_SWIFT_STANDARD_LIBRARIES = YES;
				CODE_SIGN_STYLE = Automatic;
				CURRENT_PROJECT_VERSION = 1;
				DEVELOPMENT_TEAM = 3DAQ868NGN;
				GENERATE_INFOPLIST_FILE = YES;
				MARKETING_VERSION = 1.0;
				PRODUCT_BUNDLE_IDENTIFIER = dev.arbigaus.TemporaryEmailServiceTests;
				PRODUCT_NAME = "$(TARGET_NAME)";
				SWIFT_EMIT_LOC_STRINGS = NO;
				SWIFT_VERSION = 5.0;
				TARGETED_DEVICE_FAMILY = "1,2";
			};
			name = Debug;
		};
		D7381EE029ED738300B2A2A5 /* Release */ = {
			isa = XCBuildConfiguration;
			buildSettings = {
				ALWAYS_EMBED_SWIFT_STANDARD_LIBRARIES = YES;
				CODE_SIGN_STYLE = Automatic;
				CURRENT_PROJECT_VERSION = 1;
				DEVELOPMENT_TEAM = 3DAQ868NGN;
				GENERATE_INFOPLIST_FILE = YES;
				MARKETING_VERSION = 1.0;
				PRODUCT_BUNDLE_IDENTIFIER = dev.arbigaus.TemporaryEmailServiceTests;
				PRODUCT_NAME = "$(TARGET_NAME)";
				SWIFT_EMIT_LOC_STRINGS = NO;
				SWIFT_VERSION = 5.0;
				TARGETED_DEVICE_FAMILY = "1,2";
			};
			name = Release;
		};
/* End XCBuildConfiguration section */

/* Begin XCConfigurationList section */
		D7381EC129ED738200B2A2A5 /* Build configuration list for PBXProject "TemporaryEmailService" */ = {
			isa = XCConfigurationList;
			buildConfigurations = (
				D7381ED929ED738300B2A2A5 /* Debug */,
				D7381EDA29ED738300B2A2A5 /* Release */,
			);
			defaultConfigurationIsVisible = 0;
			defaultConfigurationName = Release;
		};
		D7381EDB29ED738300B2A2A5 /* Build configuration list for PBXNativeTarget "TemporaryEmailService" */ = {
			isa = XCConfigurationList;
			buildConfigurations = (
				D7381EDC29ED738300B2A2A5 /* Debug */,
				D7381EDD29ED738300B2A2A5 /* Release */,
			);
			defaultConfigurationIsVisible = 0;
			defaultConfigurationName = Release;
		};
		D7381EDE29ED738300B2A2A5 /* Build configuration list for PBXNativeTarget "TemporaryEmailServiceTests" */ = {
			isa = XCConfigurationList;
			buildConfigurations = (
				D7381EDF29ED738300B2A2A5 /* Debug */,
				D7381EE029ED738300B2A2A5 /* Release */,
			);
			defaultConfigurationIsVisible = 0;
			defaultConfigurationName = Release;
		};
/* End XCConfigurationList section */
	};
	rootObject = D7381EBE29ED738200B2A2A5 /* Project object */;
}
